
Microsoft Visual Studio Solution File, Format Version 12.00
# Visual Studio Version 16
VisualStudioVersion = 16.0.29613.14
MinimumVisualStudioVersion = 10.0.40219.1
Project("{FAE04EC0-301F-11D3-BF4B-00C04F79EFBC}") = "TestingVS", "TestingVS\TestingVS.csproj", "{7E92FD61-4988-4F2F-A72D-874A480B4E4B}"
EndProject
Global
	GlobalSection(SolutionConfigurationPlatforms) = preSolution
		Debug|Any CPU = Debug|Any CPU
		Release|Any CPU = Release|Any CPU
	EndGlobalSection
	GlobalSection(ProjectConfigurationPlatforms) = postSolution
		{7E92FD61-4988-4F2F-A72D-874A480B4E4B}.Debug|Any CPU.ActiveCfg = Debug|Any CPU
		{7E92FD61-4988-4F2F-A72D-874A480B4E4B}.Debug|Any CPU.Build.0 = Debug|Any CPU
		{7E92FD61-4988-4F2F-A72D-874A480B4E4B}.Release|Any CPU.ActiveCfg = Release|Any CPU
		{7E92FD61-4988-4F2F-A72D-874A480B4E4B}.Release|Any CPU.Build.0 = Release|Any CPU
	EndGlobalSection
	GlobalSection(SolutionProperties) = preSolution
		HideSolutionNode = FALSE
	EndGlobalSection
	GlobalSection(ExtensibilityGlobals) = postSolution
		SolutionGuid = {CB1BAA0F-4B3B-403B-BEFA-E2937B6FF32D}
	EndGlobalSection
EndGlobal
